
Microsoft Visual Studio Solution File, Format Version 12.00
# Visual Studio Version 17
VisualStudioVersion = 17.0.32112.339
MinimumVisualStudioVersion = 10.0.40219.1
Project("{FAE04EC0-301F-11D3-BF4B-00C04F79EFBC}") = "pgmLibray3classes", "pgmLibray3classes\pgmLibray3classes.csproj", "{B8236566-A68B-4A1F-BABC-169A86FDE9D8}"
EndProject
Global
	GlobalSection(SolutionConfigurationPlatforms) = preSolution
		Debug|Any CPU = Debug|Any CPU
		Release|Any CPU = Release|Any CPU
	EndGlobalSection
	GlobalSection(ProjectConfigurationPlatforms) = postSolution
		{B8236566-A68B-4A1F-BABC-169A86FDE9D8}.Debug|Any CPU.ActiveCfg = Debug|Any CPU
		{B8236566-A68B-4A1F-BABC-169A86FDE9D8}.Debug|Any CPU.Build.0 = Debug|Any CPU
		{B8236566-A68B-4A1F-BABC-169A86FDE9D8}.Release|Any CPU.ActiveCfg = Release|Any CPU
		{B8236566-A68B-4A1F-BABC-169A86FDE9D8}.Release|Any CPU.Build.0 = Release|Any CPU
	EndGlobalSection
	GlobalSection(SolutionProperties) = preSolution
		HideSolutionNode = FALSE
	EndGlobalSection
	GlobalSection(ExtensibilityGlobals) = postSolution
		SolutionGuid = {98B77402-7744-466E-9FA4-D7030D2CE5CF}
	EndGlobalSection
EndGlobal
