
Microsoft Visual Studio Solution File, Format Version 12.00
# Visual Studio Version 17
VisualStudioVersion = 17.0.32112.339
MinimumVisualStudioVersion = 10.0.40219.1
Project("{FAE04EC0-301F-11D3-BF4B-00C04F79EFBC}") = "program5", "program5\program5.csproj", "{9B2A76D0-8AC6-422B-A6C1-365A2ECE94B9}"
EndProject
Global
	GlobalSection(SolutionConfigurationPlatforms) = preSolution
		Debug|Any CPU = Debug|Any CPU
		Release|Any CPU = Release|Any CPU
	EndGlobalSection
	GlobalSection(ProjectConfigurationPlatforms) = postSolution
		{9B2A76D0-8AC6-422B-A6C1-365A2ECE94B9}.Debug|Any CPU.ActiveCfg = Debug|Any CPU
		{9B2A76D0-8AC6-422B-A6C1-365A2ECE94B9}.Debug|Any CPU.Build.0 = Debug|Any CPU
		{9B2A76D0-8AC6-422B-A6C1-365A2ECE94B9}.Release|Any CPU.ActiveCfg = Release|Any CPU
		{9B2A76D0-8AC6-422B-A6C1-365A2ECE94B9}.Release|Any CPU.Build.0 = Release|Any CPU
	EndGlobalSection
	GlobalSection(SolutionProperties) = preSolution
		HideSolutionNode = FALSE
	EndGlobalSection
	GlobalSection(ExtensibilityGlobals) = postSolution
		SolutionGuid = {11A7DF47-94ED-46E7-A169-EDA8404078D7}
	EndGlobalSection
EndGlobal
