
Microsoft Visual Studio Solution File, Format Version 12.00
# Visual Studio Version 17
VisualStudioVersion = 17.0.32112.339
MinimumVisualStudioVersion = 10.0.40219.1
Project("{FAE04EC0-301F-11D3-BF4B-00C04F79EFBC}") = "program2.day8", "program2.day8\program2.day8.csproj", "{78F45B49-47D9-4B65-B5FE-6A3EC9E0479F}"
EndProject
Global
	GlobalSection(SolutionConfigurationPlatforms) = preSolution
		Debug|Any CPU = Debug|Any CPU
		Release|Any CPU = Release|Any CPU
	EndGlobalSection
	GlobalSection(ProjectConfigurationPlatforms) = postSolution
		{78F45B49-47D9-4B65-B5FE-6A3EC9E0479F}.Debug|Any CPU.ActiveCfg = Debug|Any CPU
		{78F45B49-47D9-4B65-B5FE-6A3EC9E0479F}.Debug|Any CPU.Build.0 = Debug|Any CPU
		{78F45B49-47D9-4B65-B5FE-6A3EC9E0479F}.Release|Any CPU.ActiveCfg = Release|Any CPU
		{78F45B49-47D9-4B65-B5FE-6A3EC9E0479F}.Release|Any CPU.Build.0 = Release|Any CPU
	EndGlobalSection
	GlobalSection(SolutionProperties) = preSolution
		HideSolutionNode = FALSE
	EndGlobalSection
	GlobalSection(ExtensibilityGlobals) = postSolution
		SolutionGuid = {BE14ECE2-43BE-46D0-8EAE-0ADEA4C50088}
	EndGlobalSection
EndGlobal
